// !$*UTF8*$!
{
	archiveVersion = 1;
	classes = {
	};
	objectVersion = 48;
	objects = {

/* Begin PBXBuildFile section */
		1857400220C9102E00B3F27C /* AppDelegate.swift in Sources */ = {isa = PBXBuildFile; fileRef = 1857400120C9102E00B3F27C /* AppDelegate.swift */; };
		1857400420C9102E00B3F27C /* ViewController.swift in Sources */ = {isa = PBXBuildFile; fileRef = 1857400320C9102E00B3F27C /* ViewController.swift */; };
		1857400720C9102E00B3F27C /* Main.storyboard in Resources */ = {isa = PBXBuildFile; fileRef = 1857400520C9102E00B3F27C /* Main.storyboard */; };
		1857400920C9102E00B3F27C /* Assets.xcassets in Resources */ = {isa = PBXBuildFile; fileRef = 1857400820C9102E00B3F27C /* Assets.xcassets */; };
		1857400C20C9102E00B3F27C /* LaunchScreen.storyboard in Resources */ = {isa = PBXBuildFile; fileRef = 1857400A20C9102E00B3F27C /* LaunchScreen.storyboard */; };
		1857401620C911E200B3F27C /* ToDoItem.swift in Sources */ = {isa = PBXBuildFile; fileRef = 1857401320C911E200B3F27C /* ToDoItem.swift */; };
		1857401720C911E200B3F27C /* Utils.swift in Sources */ = {isa = PBXBuildFile; fileRef = 1857401420C911E200B3F27C /* Utils.swift */; };
		1857401820C911E200B3F27C /* DetailViewController.swift in Sources */ = {isa = PBXBuildFile; fileRef = 1857401520C911E200B3F27C /* DetailViewController.swift */; };
/* End PBXBuildFile section */

/* Begin PBXFileReference section */
		18573FFE20C9102E00B3F27C /* TodoList.app */ = {isa = PBXFileReference; explicitFileType = wrapper.application; includeInIndex = 0; path = TodoList.app; sourceTree = BUILT_PRODUCTS_DIR; };
		1857400120C9102E00B3F27C /* AppDelegate.swift */ = {isa = PBXFileReference; lastKnownFileType = sourcecode.swift; path = AppDelegate.swift; sourceTree = "<group>"; };
		1857400320C9102E00B3F27C /* ViewController.swift */ = {isa = PBXFileReference; lastKnownFileType = sourcecode.swift; path = ViewController.swift; sourceTree = "<group>"; };
		1857400620C9102E00B3F27C /* Base */ = {isa = PBXFileReference; lastKnownFileType = file.storyboard; name = Base; path = Base.lproj/Main.storyboard; sourceTree = "<group>"; };
		1857400820C9102E00B3F27C /* Assets.xcassets */ = {isa = PBXFileReference; lastKnownFileType = folder.assetcatalog; path = Assets.xcassets; sourceTree = "<group>"; };
		1857400B20C9102E00B3F27C /* Base */ = {isa = PBXFileReference; lastKnownFileType = file.storyboard; name = Base; path = Base.lproj/LaunchScreen.storyboard; sourceTree = "<group>"; };
		1857400D20C9102E00B3F27C /* Info.plist */ = {isa = PBXFileReference; lastKnownFileType = text.plist.xml; path = Info.plist; sourceTree = "<group>"; };
		1857401320C911E200B3F27C /* ToDoItem.swift */ = {isa = PBXFileReference; fileEncoding = 4; lastKnownFileType = sourcecode.swift; path = ToDoItem.swift; sourceTree = "<group>"; };
		1857401420C911E200B3F27C /* Utils.swift */ = {isa = PBXFileReference; fileEncoding = 4; lastKnownFileType = sourcecode.swift; path = Utils.swift; sourceTree = "<group>"; };
		1857401520C911E200B3F27C /* DetailViewController.swift */ = {isa = PBXFileReference; fileEncoding = 4; lastKnownFileType = sourcecode.swift; path = DetailViewController.swift; sourceTree = "<group>"; };
/* End PBXFileReference section */

/* Begin PBXFrameworksBuildPhase section */
		18573FFB20C9102E00B3F27C /* Frameworks */ = {
			isa = PBXFrameworksBuildPhase;
			buildActionMask = 2147483647;
			files = (
			);
			runOnlyForDeploymentPostprocessing = 0;
		};
/* End PBXFrameworksBuildPhase section */

/* Begin PBXGroup section */
		18573FF520C9102E00B3F27C = {
			isa = PBXGroup;
			children = (
				1857400020C9102E00B3F27C /* TodoList */,
				18573FFF20C9102E00B3F27C /* Products */,
			);
			sourceTree = "<group>";
		};
		18573FFF20C9102E00B3F27C /* Products */ = {
			isa = PBXGroup;
			children = (
				18573FFE20C9102E00B3F27C /* TodoList.app */,
			);
			name = Products;
			sourceTree = "<group>";
		};
		1857400020C9102E00B3F27C /* TodoList */ = {
			isa = PBXGroup;
			children = (
				1857400120C9102E00B3F27C /* AppDelegate.swift */,
				1857400320C9102E00B3F27C /* ViewController.swift */,
				1857400520C9102E00B3F27C /* Main.storyboard */,
				1857400820C9102E00B3F27C /* Assets.xcassets */,
				1857400A20C9102E00B3F27C /* LaunchScreen.storyboard */,
				1857400D20C9102E00B3F27C /* Info.plist */,
				1857401520C911E200B3F27C /* DetailViewController.swift */,
				1857401320C911E200B3F27C /* ToDoItem.swift */,
				1857401420C911E200B3F27C /* Utils.swift */,
			);
			path = TodoList;
			sourceTree = "<group>";
		};
/* End PBXGroup section */

/* Begin PBXNativeTarget section */
		18573FFD20C9102E00B3F27C /* TodoList */ = {
			isa = PBXNativeTarget;
			buildConfigurationList = 1857401020C9102E00B3F27C /* Build configuration list for PBXNativeTarget "TodoList" */;
			buildPhases = (
				18573FFA20C9102E00B3F27C /* Sources */,
				18573FFB20C9102E00B3F27C /* Frameworks */,
				18573FFC20C9102E00B3F27C /* Resources */,
			);
			buildRules = (
			);
			dependencies = (
			);
			name = TodoList;
			productName = TodoList;
			productReference = 18573FFE20C9102E00B3F27C /* TodoList.app */;
			productType = "com.apple.product-type.application";
		};
/* End PBXNativeTarget section */

/* Begin PBXProject section */
		18573FF620C9102E00B3F27C /* Project object */ = {
			isa = PBXProject;
			attributes = {
				LastSwiftUpdateCheck = 0920;
				LastUpgradeCheck = 0920;
				ORGANIZATIONNAME = Varun;
				TargetAttributes = {
					18573FFD20C9102E00B3F27C = {
						CreatedOnToolsVersion = 9.2;
						ProvisioningStyle = Automatic;
					};
				};
			};
			buildConfigurationList = 18573FF920C9102E00B3F27C /* Build configuration list for PBXProject "TodoList" */;
			compatibilityVersion = "Xcode 8.0";
			developmentRegion = en;
			hasScannedForEncodings = 0;
			knownRegions = (
				en,
				Base,
			);
			mainGroup = 18573FF520C9102E00B3F27C;
			productRefGroup = 18573FFF20C9102E00B3F27C /* Products */;
			projectDirPath = "";
			projectRoot = "";
			targets = (
				18573FFD20C9102E00B3F27C /* TodoList */,
			);
		};
/* End PBXProject section */

/* Begin PBXResourcesBuildPhase section */
		18573FFC20C9102E00B3F27C /* Resources */ = {
			isa = PBXResourcesBuildPhase;
			buildActionMask = 2147483647;
			files = (
				1857400C20C9102E00B3F27C /* LaunchScreen.storyboard in Resources */,
				1857400920C9102E00B3F27C /* Assets.xcassets in Resources */,
				1857400720C9102E00B3F27C /* Main.storyboard in Resources */,
			);
			runOnlyForDeploymentPostprocessing = 0;
		};
/* End PBXResourcesBuildPhase section */

/* Begin PBXSourcesBuildPhase section */
		18573FFA20C9102E00B3F27C /* Sources */ = {
			isa = PBXSourcesBuildPhase;
			buildActionMask = 2147483647;
			files = (
				1857400420C9102E00B3F27C /* ViewController.swift in Sources */,
				1857400220C9102E00B3F27C /* AppDelegate.swift in Sources */,
				1857401820C911E200B3F27C /* DetailViewController.swift in Sources */,
				1857401620C911E200B3F27C /* ToDoItem.swift in Sources */,
				1857401720C911E200B3F27C /* Utils.swift in Sources */,
			);
			runOnlyForDeploymentPostprocessing = 0;
		};
/* End PBXSourcesBuildPhase section */

/* Begin PBXVariantGroup section */
		1857400520C9102E00B3F27C /* Main.storyboard */ = {
			isa = PBXVariantGroup;
			children = (
				1857400620C9102E00B3F27C /* Base */,
			);
			name = Main.storyboard;
			sourceTree = "<group>";
		};
		1857400A20C9102E00B3F27C /* LaunchScreen.storyboard */ = {
			isa = PBXVariantGroup;
			children = (
				1857400B20C9102E00B3F27C /* Base */,
			);
			name = LaunchScreen.storyboard;
			sourceTree = "<group>";
		};
/* End PBXVariantGroup section */

/* Begin XCBuildConfiguration section */
		1857400E20C9102E00B3F27C /* Debug */ = {
			isa = XCBuildConfiguration;
			buildSettings = {
				ALWAYS_SEARCH_USER_PATHS = NO;
				CLANG_ANALYZER_NONNULL = YES;
				CLANG_ANALYZER_NUMBER_OBJECT_CONVERSION = YES_AGGRESSIVE;
				CLANG_CXX_LANGUAGE_STANDARD = "gnu++14";
				CLANG_CXX_LIBRARY = "libc++";
				CLANG_ENABLE_MODULES = YES;
				CLANG_ENABLE_OBJC_ARC = YES;
				CLANG_WARN_BLOCK_CAPTURE_AUTORELEASING = YES;
				CLANG_WARN_BOOL_CONVERSION = YES;
				CLANG_WARN_COMMA = YES;
				CLANG_WARN_CONSTANT_CONVERSION = YES;
				CLANG_WARN_DIRECT_OBJC_ISA_USAGE = YES_ERROR;
				CLANG_WARN_DOCUMENTATION_COMMENTS = YES;
				CLANG_WARN_EMPTY_BODY = YES;
				CLANG_WARN_ENUM_CONVERSION = YES;
				CLANG_WARN_INFINITE_RECURSION = YES;
				CLANG_WARN_INT_CONVERSION = YES;
				CLANG_WARN_NON_LITERAL_NULL_CONVERSION = YES;
				CLANG_WARN_OBJC_LITERAL_CONVERSION = YES;
				CLANG_WARN_OBJC_ROOT_CLASS = YES_ERROR;
				CLANG_WARN_RANGE_LOOP_ANALYSIS = YES;
				CLANG_WARN_STRICT_PROTOTYPES = YES;
				CLANG_WARN_SUSPICIOUS_MOVE = YES;
				CLANG_WARN_UNGUARDED_AVAILABILITY = YES_AGGRESSIVE;
				CLANG_WARN_UNREACHABLE_CODE = YES;
				CLANG_WARN__DUPLICATE_METHOD_MATCH = YES;
				CODE_SIGN_IDENTITY = "iPhone Developer";
				COPY_PHASE_STRIP = NO;
				DEBUG_INFORMATION_FORMAT = dwarf;
				ENABLE_STRICT_OBJC_MSGSEND = YES;
				ENABLE_TESTABILITY = YES;
				GCC_C_LANGUAGE_STANDARD = gnu11;
				GCC_DYNAMIC_NO_PIC = NO;
				GCC_NO_COMMON_BLOCKS = YES;
				GCC_OPTIMIZATION_LEVEL = 0;
				GCC_PREPROCESSOR_DEFINITIONS = (
					"DEBUG=1",
					"$(inherited)",
				);
				GCC_WARN_64_TO_32_BIT_CONVERSION = YES;
				GCC_WARN_ABOUT_RETURN_TYPE = YES_ERROR;
				GCC_WARN_UNDECLARED_SELECTOR = YES;
				GCC_WARN_UNINITIALIZED_AUTOS = YES_AGGRESSIVE;
				GCC_WARN_UNUSED_FUNCTION = YES;
				GCC_WARN_UNUSED_VARIABLE = YES;
				IPHONEOS_DEPLOYMENT_TARGET = 11.2;
				MTL_ENABLE_DEBUG_INFO = YES;
				ONLY_ACTIVE_ARCH = YES;
				SDKROOT = iphoneos;
				SWIFT_ACTIVE_COMPILATION_CONDITIONS = DEBUG;
				SWIFT_OPTIMIZATION_LEVEL = "-Onone";
			};
			name = Debug;
		};
		1857400F20C9102E00B3F27C /* Release */ = {
			isa = XCBuildConfiguration;
			buildSettings = {
				ALWAYS_SEARCH_USER_PATHS = NO;
				CLANG_ANALYZER_NONNULL = YES;
				CLANG_ANALYZER_NUMBER_OBJECT_CONVERSION = YES_AGGRESSIVE;
				CLANG_CXX_LANGUAGE_STANDARD = "gnu++14";
				CLANG_CXX_LIBRARY = "libc++";
				CLANG_ENABLE_MODULES = YES;
				CLANG_ENABLE_OBJC_ARC = YES;
				CLANG_WARN_BLOCK_CAPTURE_AUTORELEASING = YES;
				CLANG_WARN_BOOL_CONVERSION = YES;
				CLANG_WARN_COMMA = YES;
				CLANG_WARN_CONSTANT_CONVERSION = YES;
				CLANG_WARN_DIRECT_OBJC_ISA_USAGE = YES_ERROR;
				CLANG_WARN_DOCUMENTATION_COMMENTS = YES;
				CLANG_WARN_EMPTY_BODY = YES;
				CLANG_WARN_ENUM_CONVERSION = YES;
				CLANG_WARN_INFINITE_RECURSION = YES;
				CLANG_WARN_INT_CONVERSION = YES;
				CLANG_WARN_NON_LITERAL_NULL_CONVERSION = YES;
				CLANG_WARN_OBJC_LITERAL_CONVERSION = YES;
				CLANG_WARN_OBJC_ROOT_CLASS = YES_ERROR;
				CLANG_WARN_RANGE_LOOP_ANALYSIS = YES;
				CLANG_WARN_STRICT_PROTOTYPES = YES;
				CLANG_WARN_SUSPICIOUS_MOVE = YES;
				CLANG_WARN_UNGUARDED_AVAILABILITY = YES_AGGRESSIVE;
				CLANG_WARN_UNREACHABLE_CODE = YES;
				CLANG_WARN__DUPLICATE_METHOD_MATCH = YES;
				CODE_SIGN_IDENTITY = "iPhone Developer";
				COPY_PHASE_STRIP = NO;
				DEBUG_INFORMATION_FORMAT = "dwarf-with-dsym";
				ENABLE_NS_ASSERTIONS = NO;
				ENABLE_STRICT_OBJC_MSGSEND = YES;
				GCC_C_LANGUAGE_STANDARD = gnu11;
				GCC_NO_COMMON_BLOCKS = YES;
				GCC_WARN_64_TO_32_BIT_CONVERSION = YES;
				GCC_WARN_ABOUT_RETURN_TYPE = YES_ERROR;
				GCC_WARN_UNDECLARED_SELECTOR = YES;
				GCC_WARN_UNINITIALIZED_AUTOS = YES_AGGRESSIVE;
				GCC_WARN_UNUSED_FUNCTION = YES;
				GCC_WARN_UNUSED_VARIABLE = YES;
				IPHONEOS_DEPLOYMENT_TARGET = 11.2;
				MTL_ENABLE_DEBUG_INFO = NO;
				SDKROOT = iphoneos;
				SWIFT_OPTIMIZATION_LEVEL = "-Owholemodule";
				VALIDATE_PRODUCT = YES;
			};
			name = Release;
		};
		1857401120C9102E00B3F27C /* Debug */ = {
			isa = XCBuildConfiguration;
			buildSettings = {
				ASSETCATALOG_COMPILER_APPICON_NAME = AppIcon;
				CODE_SIGN_STYLE = Automatic;
				DEVELOPMENT_TEAM = A79T4B24DZ;
				INFOPLIST_FILE = TodoList/Info.plist;
				LD_RUNPATH_SEARCH_PATHS = "$(inherited) @executable_path/Frameworks";
				PRODUCT_BUNDLE_IDENTIFIER = com.cogzidel.TodoList;
				PRODUCT_NAME = "$(TARGET_NAME)";
				SWIFT_VERSION = 4.0;
				TARGETED_DEVICE_FAMILY = "1,2";
			};
			name = Debug;
		};
		1857401220C9102E00B3F27C /* Release */ = {
			isa = XCBuildConfiguration;
			buildSettings = {
				ASSETCATALOG_COMPILER_APPICON_NAME = AppIcon;
				CODE_SIGN_STYLE = Automatic;
				DEVELOPMENT_TEAM = A79T4B24DZ;
				INFOPLIST_FILE = TodoList/Info.plist;
				LD_RUNPATH_SEARCH_PATHS = "$(inherited) @executable_path/Frameworks";
				PRODUCT_BUNDLE_IDENTIFIER = com.cogzidel.TodoList;
				PRODUCT_NAME = "$(TARGET_NAME)";
				SWIFT_VERSION = 4.0;
				TARGETED_DEVICE_FAMILY = "1,2";
			};
			name = Release;
		};
/* End XCBuildConfiguration section */

/* Begin XCConfigurationList section */
		18573FF920C9102E00B3F27C /* Build configuration list for PBXProject "TodoList" */ = {
			isa = XCConfigurationList;
			buildConfigurations = (
				1857400E20C9102E00B3F27C /* Debug */,
				1857400F20C9102E00B3F27C /* Release */,
			);
			defaultConfigurationIsVisible = 0;
			defaultConfigurationName = Release;
		};
		1857401020C9102E00B3F27C /* Build configuration list for PBXNativeTarget "TodoList" */ = {
			isa = XCConfigurationList;
			buildConfigurations = (
				1857401120C9102E00B3F27C /* Debug */,
				1857401220C9102E00B3F27C /* Release */,
			);
			defaultConfigurationIsVisible = 0;
			defaultConfigurationName = Release;
		};
/* End XCConfigurationList section */
	};
	rootObject = 18573FF620C9102E00B3F27C /* Project object */;
}
